{
	"name": "modeltyped-core",
	"version": "0.3.0",
	"lockfileVersion": 1,
	"requires": true,
	"dependencies": {
		"@types/lodash": {
			"version": "4.14.129",
			"resolved": "https://registry.npmjs.org/@types/lodash/-/lodash-4.14.129.tgz",
			"integrity": "sha512-oYaV0eSlnOacOr7i4X1FFdH8ttSlb57gu3I9MuStIv2CYkISEY84dNHYsC3bF6sNH7qYcu1BtVrCtQ8Q4KPTfQ=="
		},
		"@types/lodash.assign": {
			"version": "4.2.6",
			"resolved": "https://registry.npmjs.org/@types/lodash.assign/-/lodash.assign-4.2.6.tgz",
			"integrity": "sha512-SaReADQZqf99FUWZ/gHICOAhLfBvaUmVb9y8xCw7o5WDuqDG0YfN1a+by29eipPcV4FITfPbQMJQiOGAeOb4fw==",
			"requires": {
				"@types/lodash": "*"
			}
		},
		"lodash.assign": {
			"version": "4.2.0",
			"resolved": "https://registry.npmjs.org/lodash.assign/-/lodash.assign-4.2.0.tgz",
			"integrity": "sha1-DZnzzNem0mHRm9rrkkUAXShYCOc="
		}
	}
}
